
Microsoft Visual Studio Solution File, Format Version 12.00
# Visual Studio Version 17
VisualStudioVersion = 17.5.33516.290
MinimumVisualStudioVersion = 10.0.40219.1
Project("{FAE04EC0-301F-11D3-BF4B-00C04F79EFBC}") = "graf", "graf\graf.csproj", "{FEC3AAB1-7F50-4D32-99E6-7CFFEE9D0ADA}"
EndProject
Global
	GlobalSection(SolutionConfigurationPlatforms) = preSolution
		Debug|Any CPU = Debug|Any CPU
		Release|Any CPU = Release|Any CPU
	EndGlobalSection
	GlobalSection(ProjectConfigurationPlatforms) = postSolution
		{FEC3AAB1-7F50-4D32-99E6-7CFFEE9D0ADA}.Debug|Any CPU.ActiveCfg = Debug|Any CPU
		{FEC3AAB1-7F50-4D32-99E6-7CFFEE9D0ADA}.Debug|Any CPU.Build.0 = Debug|Any CPU
		{FEC3AAB1-7F50-4D32-99E6-7CFFEE9D0ADA}.Release|Any CPU.ActiveCfg = Release|Any CPU
		{FEC3AAB1-7F50-4D32-99E6-7CFFEE9D0ADA}.Release|Any CPU.Build.0 = Release|Any CPU
	EndGlobalSection
	GlobalSection(SolutionProperties) = preSolution
		HideSolutionNode = FALSE
	EndGlobalSection
	GlobalSection(ExtensibilityGlobals) = postSolution
		SolutionGuid = {5873D68C-E315-4381-BD46-AE23C0380739}
	EndGlobalSection
EndGlobal
